// !$*UTF8*$!
{
	archiveVersion = 1;
	classes = {
	};
	objectVersion = 52;
	objects = {

/* Begin PBXBuildFile section */
		10C32F2523BA595F00FA5E71 /* Constants.swift in Sources */ = {isa = PBXBuildFile; fileRef = 7BA92C20235F00440022D645 /* Constants.swift */; };
		7B32BA9B23687A46008C1CF5 /* Alert.swift in Sources */ = {isa = PBXBuildFile; fileRef = 7B32BA9A23687A46008C1CF5 /* Alert.swift */; };
		7B32BA9C23687A46008C1CF5 /* Alert.swift in Sources */ = {isa = PBXBuildFile; fileRef = 7B32BA9A23687A46008C1CF5 /* Alert.swift */; };
		7B81E4FE2338C3F00040DC79 /* PingOne.xcframework in Frameworks */ = {isa = PBXBuildFile; fileRef = 7B81E4FA2338B7610040DC79 /* PingOne.xcframework */; };
		7B81E4FF2338C3F00040DC79 /* PingOne.xcframework in Embed Frameworks */ = {isa = PBXBuildFile; fileRef = 7B81E4FA2338B7610040DC79 /* PingOne.xcframework */; settings = {ATTRIBUTES = (CodeSignOnCopy, ); }; };
		7B9C1FAB2357A0360069315F /* ManualPairingViewController.swift in Sources */ = {isa = PBXBuildFile; fileRef = 7BA52471229AA65200DD0E06 /* ManualPairingViewController.swift */; };
		7B9C1FAC2357A0360069315F /* AppDelegate.swift in Sources */ = {isa = PBXBuildFile; fileRef = 7BA5246F229AA65200DD0E06 /* AppDelegate.swift */; };
		7B9C1FB02357A0360069315F /* LaunchScreen.storyboard in Resources */ = {isa = PBXBuildFile; fileRef = 7BA52478229AA65300DD0E06 /* LaunchScreen.storyboard */; };
		7B9C1FB12357A0360069315F /* Localizable.strings in Resources */ = {isa = PBXBuildFile; fileRef = 7BA52481229AA69B00DD0E06 /* Localizable.strings */; };
		7B9C1FB22357A0360069315F /* Assets.xcassets in Resources */ = {isa = PBXBuildFile; fileRef = 7BA52476229AA65300DD0E06 /* Assets.xcassets */; };
		7B9C1FB32357A0360069315F /* Main.storyboard in Resources */ = {isa = PBXBuildFile; fileRef = 7BA52473229AA65200DD0E06 /* Main.storyboard */; };
		7B9C1FC62357A4EC0069315F /* PingOne.framework in Frameworks */ = {isa = PBXBuildFile; fileRef = 7B9C1FC42357A4C40069315F /* PingOne.framework */; };
		7B9C1FC72357A4EC0069315F /* PingOne.framework in Embed Frameworks */ = {isa = PBXBuildFile; fileRef = 7B9C1FC42357A4C40069315F /* PingOne.framework */; settings = {ATTRIBUTES = (CodeSignOnCopy, RemoveHeadersOnCopy, ); }; };
		7BA52470229AA65200DD0E06 /* AppDelegate.swift in Sources */ = {isa = PBXBuildFile; fileRef = 7BA5246F229AA65200DD0E06 /* AppDelegate.swift */; };
		7BA52472229AA65200DD0E06 /* ManualPairingViewController.swift in Sources */ = {isa = PBXBuildFile; fileRef = 7BA52471229AA65200DD0E06 /* ManualPairingViewController.swift */; };
		7BA52475229AA65200DD0E06 /* Main.storyboard in Resources */ = {isa = PBXBuildFile; fileRef = 7BA52473229AA65200DD0E06 /* Main.storyboard */; };
		7BA52477229AA65300DD0E06 /* Assets.xcassets in Resources */ = {isa = PBXBuildFile; fileRef = 7BA52476229AA65300DD0E06 /* Assets.xcassets */; };
		7BA5247A229AA65300DD0E06 /* LaunchScreen.storyboard in Resources */ = {isa = PBXBuildFile; fileRef = 7BA52478229AA65300DD0E06 /* LaunchScreen.storyboard */; };
		7BA52482229AA69B00DD0E06 /* Localizable.strings in Resources */ = {isa = PBXBuildFile; fileRef = 7BA52481229AA69B00DD0E06 /* Localizable.strings */; };
		7BA92C22235F00440022D645 /* Constants.swift in Sources */ = {isa = PBXBuildFile; fileRef = 7BA92C20235F00440022D645 /* Constants.swift */; };
		7BA92C24235F004D0022D645 /* HomeViewController.swift in Sources */ = {isa = PBXBuildFile; fileRef = 7BA92C23235F004C0022D645 /* HomeViewController.swift */; };
		7BA92C25235F004D0022D645 /* HomeViewController.swift in Sources */ = {isa = PBXBuildFile; fileRef = 7BA92C23235F004C0022D645 /* HomeViewController.swift */; };
		7BA92C27235F00570022D645 /* ActionItem.swift in Sources */ = {isa = PBXBuildFile; fileRef = 7BA92C26235F00570022D645 /* ActionItem.swift */; };
		7BA92C28235F00570022D645 /* ActionItem.swift in Sources */ = {isa = PBXBuildFile; fileRef = 7BA92C26235F00570022D645 /* ActionItem.swift */; };
		7BA92C2A235F00600022D645 /* OIDCViewController.swift in Sources */ = {isa = PBXBuildFile; fileRef = 7BA92C29235F00600022D645 /* OIDCViewController.swift */; };
		7BA92C2B235F00600022D645 /* OIDCViewController.swift in Sources */ = {isa = PBXBuildFile; fileRef = 7BA92C29235F00600022D645 /* OIDCViewController.swift */; };
		7BA92C2C235F00AD0022D645 /* AppAuth.xcframework in Frameworks */ = {isa = PBXBuildFile; fileRef = 7BA92C1D235F00350022D645 /* AppAuth.xcframework */; };
		7BA92C2D235F00AD0022D645 /* AppAuth.xcframework in Embed Frameworks */ = {isa = PBXBuildFile; fileRef = 7BA92C1D235F00350022D645 /* AppAuth.xcframework */; settings = {ATTRIBUTES = (CodeSignOnCopy, ); }; };
		7BA92C2E235F00B20022D645 /* AppAuth.xcframework in Frameworks */ = {isa = PBXBuildFile; fileRef = 7BA92C1D235F00350022D645 /* AppAuth.xcframework */; };
		7BA92C2F235F00B20022D645 /* AppAuth.xcframework in Embed Frameworks */ = {isa = PBXBuildFile; fileRef = 7BA92C1D235F00350022D645 /* AppAuth.xcframework */; settings = {ATTRIBUTES = (CodeSignOnCopy, ); }; };
/* End PBXBuildFile section */

/* Begin PBXCopyFilesBuildPhase section */
		7B9C1FC82357A4EC0069315F /* Embed Frameworks */ = {
			isa = PBXCopyFilesBuildPhase;
			buildActionMask = 2147483647;
			dstPath = "";
			dstSubfolderSpec = 10;
			files = (
				7B9C1FC72357A4EC0069315F /* PingOne.framework in Embed Frameworks */,
				7BA92C2F235F00B20022D645 /* AppAuth.xcframework in Embed Frameworks */,
			);
			name = "Embed Frameworks";
			runOnlyForDeploymentPostprocessing = 0;
		};
		7BA52486229AA7E000DD0E06 /* Embed Frameworks */ = {
			isa = PBXCopyFilesBuildPhase;
			buildActionMask = 2147483647;
			dstPath = "";
			dstSubfolderSpec = 10;
			files = (
				7B81E4FF2338C3F00040DC79 /* PingOne.xcframework in Embed Frameworks */,
				7BA92C2D235F00AD0022D645 /* AppAuth.xcframework in Embed Frameworks */,
			);
			name = "Embed Frameworks";
			runOnlyForDeploymentPostprocessing = 0;
		};
/* End PBXCopyFilesBuildPhase section */

/* Begin PBXFileReference section */
		7B32BA9A23687A46008C1CF5 /* Alert.swift */ = {isa = PBXFileReference; lastKnownFileType = sourcecode.swift; path = Alert.swift; sourceTree = "<group>"; };
		7B81E4FA2338B7610040DC79 /* PingOne.xcframework */ = {isa = PBXFileReference; lastKnownFileType = wrapper.xcframework; path = PingOne.xcframework; sourceTree = "<group>"; };
		7B9C1FB92357A0360069315F /* SampleApp-Debug.app */ = {isa = PBXFileReference; explicitFileType = wrapper.application; includeInIndex = 0; path = "SampleApp-Debug.app"; sourceTree = BUILT_PRODUCTS_DIR; };
		7B9C1FBC2357A0F80069315F /* PingOne.framework */ = {isa = PBXFileReference; explicitFileType = wrapper.framework; path = PingOne.framework; sourceTree = BUILT_PRODUCTS_DIR; };
		7B9C1FC42357A4C40069315F /* PingOne.framework */ = {isa = PBXFileReference; lastKnownFileType = wrapper.framework; path = PingOne.framework; sourceTree = "<group>"; };
		7B9C1FED23585AEF0069315F /* Debug-Info.plist */ = {isa = PBXFileReference; lastKnownFileType = text.plist.xml; path = "Debug-Info.plist"; sourceTree = "<group>"; };
		7BA5246C229AA65200DD0E06 /* SampleApp.app */ = {isa = PBXFileReference; explicitFileType = wrapper.application; includeInIndex = 0; path = SampleApp.app; sourceTree = BUILT_PRODUCTS_DIR; };
		7BA5246F229AA65200DD0E06 /* AppDelegate.swift */ = {isa = PBXFileReference; lastKnownFileType = sourcecode.swift; path = AppDelegate.swift; sourceTree = "<group>"; };
		7BA52471229AA65200DD0E06 /* ManualPairingViewController.swift */ = {isa = PBXFileReference; lastKnownFileType = sourcecode.swift; path = ManualPairingViewController.swift; sourceTree = "<group>"; };
		7BA52474229AA65200DD0E06 /* Base */ = {isa = PBXFileReference; lastKnownFileType = file.storyboard; name = Base; path = Base.lproj/Main.storyboard; sourceTree = "<group>"; };
		7BA52476229AA65300DD0E06 /* Assets.xcassets */ = {isa = PBXFileReference; lastKnownFileType = folder.assetcatalog; path = Assets.xcassets; sourceTree = "<group>"; };
		7BA52479229AA65300DD0E06 /* Base */ = {isa = PBXFileReference; lastKnownFileType = file.storyboard; name = Base; path = Base.lproj/LaunchScreen.storyboard; sourceTree = "<group>"; };
		7BA5247B229AA65300DD0E06 /* Info.plist */ = {isa = PBXFileReference; lastKnownFileType = text.plist.xml; path = Info.plist; sourceTree = "<group>"; };
		7BA52481229AA69B00DD0E06 /* Localizable.strings */ = {isa = PBXFileReference; lastKnownFileType = text.plist.strings; path = Localizable.strings; sourceTree = "<group>"; };
		7BA52487229AA7FB00DD0E06 /* SampleApp.entitlements */ = {isa = PBXFileReference; lastKnownFileType = text.plist.entitlements; path = SampleApp.entitlements; sourceTree = "<group>"; };
		7BA92C1D235F00350022D645 /* AppAuth.xcframework */ = {isa = PBXFileReference; lastKnownFileType = wrapper.xcframework; path = AppAuth.xcframework; sourceTree = "<group>"; };
		7BA92C20235F00440022D645 /* Constants.swift */ = {isa = PBXFileReference; fileEncoding = 4; lastKnownFileType = sourcecode.swift; path = Constants.swift; sourceTree = "<group>"; };
		7BA92C23235F004C0022D645 /* HomeViewController.swift */ = {isa = PBXFileReference; fileEncoding = 4; lastKnownFileType = sourcecode.swift; path = HomeViewController.swift; sourceTree = "<group>"; };
		7BA92C26235F00570022D645 /* ActionItem.swift */ = {isa = PBXFileReference; fileEncoding = 4; lastKnownFileType = sourcecode.swift; path = ActionItem.swift; sourceTree = "<group>"; };
		7BA92C29235F00600022D645 /* OIDCViewController.swift */ = {isa = PBXFileReference; fileEncoding = 4; lastKnownFileType = sourcecode.swift; path = OIDCViewController.swift; sourceTree = "<group>"; };
/* End PBXFileReference section */

/* Begin PBXFrameworksBuildPhase section */
		7B9C1FAD2357A0360069315F /* Frameworks */ = {
			isa = PBXFrameworksBuildPhase;
			buildActionMask = 2147483647;
			files = (
				7B9C1FC62357A4EC0069315F /* PingOne.framework in Frameworks */,
				7BA92C2E235F00B20022D645 /* AppAuth.xcframework in Frameworks */,
			);
			runOnlyForDeploymentPostprocessing = 0;
		};
		7BA52469229AA65200DD0E06 /* Frameworks */ = {
			isa = PBXFrameworksBuildPhase;
			buildActionMask = 2147483647;
			files = (
				7B81E4FE2338C3F00040DC79 /* PingOne.xcframework in Frameworks */,
				7BA92C2C235F00AD0022D645 /* AppAuth.xcframework in Frameworks */,
			);
			runOnlyForDeploymentPostprocessing = 0;
		};
/* End PBXFrameworksBuildPhase section */

/* Begin PBXGroup section */
		7B9C1FBB2357A0F80069315F /* Frameworks */ = {
			isa = PBXGroup;
			children = (
				7B9C1FBC2357A0F80069315F /* PingOne.framework */,
			);
			name = Frameworks;
			sourceTree = "<group>";
		};
		7BA52463229AA65200DD0E06 = {
			isa = PBXGroup;
			children = (
				7BA5246E229AA65200DD0E06 /* SampleApp */,
				7BA5246D229AA65200DD0E06 /* Products */,
				7B9C1FBB2357A0F80069315F /* Frameworks */,
			);
			sourceTree = "<group>";
		};
		7BA5246D229AA65200DD0E06 /* Products */ = {
			isa = PBXGroup;
			children = (
				7BA5246C229AA65200DD0E06 /* SampleApp.app */,
				7B9C1FB92357A0360069315F /* SampleApp-Debug.app */,
			);
			name = Products;
			sourceTree = "<group>";
		};
		7BA5246E229AA65200DD0E06 /* SampleApp */ = {
			isa = PBXGroup;
			children = (
				7B9C1FC42357A4C40069315F /* PingOne.framework */,
				7B81E4FA2338B7610040DC79 /* PingOne.xcframework */,
				7BA92C1D235F00350022D645 /* AppAuth.xcframework */,
				7BA52487229AA7FB00DD0E06 /* SampleApp.entitlements */,
				7BA92C20235F00440022D645 /* Constants.swift */,
				7BA5246F229AA65200DD0E06 /* AppDelegate.swift */,
				7BA92C23235F004C0022D645 /* HomeViewController.swift */,
				7BA52471229AA65200DD0E06 /* ManualPairingViewController.swift */,
				7BA92C29235F00600022D645 /* OIDCViewController.swift */,
				7BA92C26235F00570022D645 /* ActionItem.swift */,
				7BA52473229AA65200DD0E06 /* Main.storyboard */,
				7BA52476229AA65300DD0E06 /* Assets.xcassets */,
				7BA52478229AA65300DD0E06 /* LaunchScreen.storyboard */,
				7B9C1FED23585AEF0069315F /* Debug-Info.plist */,
				7BA5247B229AA65300DD0E06 /* Info.plist */,
				7BA52481229AA69B00DD0E06 /* Localizable.strings */,
				7B32BA9A23687A46008C1CF5 /* Alert.swift */,
			);
			path = SampleApp;
			sourceTree = "<group>";
		};
/* End PBXGroup section */

/* Begin PBXNativeTarget section */
		7B9C1FA92357A0360069315F /* SampleApp-Debug */ = {
			isa = PBXNativeTarget;
			buildConfigurationList = 7B9C1FB62357A0360069315F /* Build configuration list for PBXNativeTarget "SampleApp-Debug" */;
			buildPhases = (
				7B9C1FAA2357A0360069315F /* Sources */,
				7B9C1FAD2357A0360069315F /* Frameworks */,
				7B9C1FAF2357A0360069315F /* Resources */,
				7B9C1FC82357A4EC0069315F /* Embed Frameworks */,
			);
			buildRules = (
			);
			dependencies = (
			);
			name = "SampleApp-Debug";
			productName = SampleApp;
			productReference = 7B9C1FB92357A0360069315F /* SampleApp-Debug.app */;
			productType = "com.apple.product-type.application";
		};
		7BA5246B229AA65200DD0E06 /* SampleApp */ = {
			isa = PBXNativeTarget;
			buildConfigurationList = 7BA5247E229AA65300DD0E06 /* Build configuration list for PBXNativeTarget "SampleApp" */;
			buildPhases = (
				7BA52468229AA65200DD0E06 /* Sources */,
				7BA52469229AA65200DD0E06 /* Frameworks */,
				7BA5246A229AA65200DD0E06 /* Resources */,
				7BA52486229AA7E000DD0E06 /* Embed Frameworks */,
			);
			buildRules = (
			);
			dependencies = (
			);
			name = SampleApp;
			productName = SampleApp;
			productReference = 7BA5246C229AA65200DD0E06 /* SampleApp.app */;
			productType = "com.apple.product-type.application";
		};
/* End PBXNativeTarget section */

/* Begin PBXProject section */
		7BA52464229AA65200DD0E06 /* Project object */ = {
			isa = PBXProject;
			attributes = {
				LastSwiftUpdateCheck = 1020;
				LastUpgradeCheck = 1020;
				ORGANIZATIONNAME = "Ping Identity";
				TargetAttributes = {
					7BA5246B229AA65200DD0E06 = {
						CreatedOnToolsVersion = 10.2;
						SystemCapabilities = {
							com.apple.BackgroundModes = {
								enabled = 1;
							};
							com.apple.Push = {
								enabled = 1;
							};
						};
					};
				};
			};
			buildConfigurationList = 7BA52467229AA65200DD0E06 /* Build configuration list for PBXProject "SampleApp" */;
			compatibilityVersion = "Xcode 9.3";
			developmentRegion = en;
			hasScannedForEncodings = 0;
			knownRegions = (
				en,
				Base,
			);
			mainGroup = 7BA52463229AA65200DD0E06;
			productRefGroup = 7BA5246D229AA65200DD0E06 /* Products */;
			projectDirPath = "";
			projectRoot = "";
			targets = (
				7BA5246B229AA65200DD0E06 /* SampleApp */,
				7B9C1FA92357A0360069315F /* SampleApp-Debug */,
			);
		};
/* End PBXProject section */

/* Begin PBXResourcesBuildPhase section */
		7B9C1FAF2357A0360069315F /* Resources */ = {
			isa = PBXResourcesBuildPhase;
			buildActionMask = 2147483647;
			files = (
				7B9C1FB02357A0360069315F /* LaunchScreen.storyboard in Resources */,
				7B9C1FB12357A0360069315F /* Localizable.strings in Resources */,
				7B9C1FB22357A0360069315F /* Assets.xcassets in Resources */,
				7B9C1FB32357A0360069315F /* Main.storyboard in Resources */,
			);
			runOnlyForDeploymentPostprocessing = 0;
		};
		7BA5246A229AA65200DD0E06 /* Resources */ = {
			isa = PBXResourcesBuildPhase;
			buildActionMask = 2147483647;
			files = (
				7BA5247A229AA65300DD0E06 /* LaunchScreen.storyboard in Resources */,
				7BA52482229AA69B00DD0E06 /* Localizable.strings in Resources */,
				7BA52477229AA65300DD0E06 /* Assets.xcassets in Resources */,
				7BA52475229AA65200DD0E06 /* Main.storyboard in Resources */,
			);
			runOnlyForDeploymentPostprocessing = 0;
		};
/* End PBXResourcesBuildPhase section */

/* Begin PBXSourcesBuildPhase section */
		7B9C1FAA2357A0360069315F /* Sources */ = {
			isa = PBXSourcesBuildPhase;
			buildActionMask = 2147483647;
			files = (
				7B9C1FAB2357A0360069315F /* ManualPairingViewController.swift in Sources */,
				7BA92C2B235F00600022D645 /* OIDCViewController.swift in Sources */,
				7B9C1FAC2357A0360069315F /* AppDelegate.swift in Sources */,
				7BA92C22235F00440022D645 /* Constants.swift in Sources */,
				7BA92C25235F004D0022D645 /* HomeViewController.swift in Sources */,
				7BA92C28235F00570022D645 /* ActionItem.swift in Sources */,
				7B32BA9C23687A46008C1CF5 /* Alert.swift in Sources */,
			);
			runOnlyForDeploymentPostprocessing = 0;
		};
		7BA52468229AA65200DD0E06 /* Sources */ = {
			isa = PBXSourcesBuildPhase;
			buildActionMask = 2147483647;
			files = (
				7BA52472229AA65200DD0E06 /* ManualPairingViewController.swift in Sources */,
				7BA92C2A235F00600022D645 /* OIDCViewController.swift in Sources */,
				7BA52470229AA65200DD0E06 /* AppDelegate.swift in Sources */,
				7BA92C24235F004D0022D645 /* HomeViewController.swift in Sources */,
				10C32F2523BA595F00FA5E71 /* Constants.swift in Sources */,
				7BA92C27235F00570022D645 /* ActionItem.swift in Sources */,
				7B32BA9B23687A46008C1CF5 /* Alert.swift in Sources */,
			);
			runOnlyForDeploymentPostprocessing = 0;
		};
/* End PBXSourcesBuildPhase section */

/* Begin PBXVariantGroup section */
		7BA52473229AA65200DD0E06 /* Main.storyboard */ = {
			isa = PBXVariantGroup;
			children = (
				7BA52474229AA65200DD0E06 /* Base */,
			);
			name = Main.storyboard;
			sourceTree = "<group>";
		};
		7BA52478229AA65300DD0E06 /* LaunchScreen.storyboard */ = {
			isa = PBXVariantGroup;
			children = (
				7BA52479229AA65300DD0E06 /* Base */,
			);
			name = LaunchScreen.storyboard;
			sourceTree = "<group>";
		};
/* End PBXVariantGroup section */

/* Begin XCBuildConfiguration section */
		7B9C1FB72357A0360069315F /* Debug */ = {
			isa = XCBuildConfiguration;
			buildSettings = {
				ASSETCATALOG_COMPILER_APPICON_NAME = AppIcon;
				CODE_SIGN_ENTITLEMENTS = SampleApp/SampleApp.entitlements;
				CODE_SIGN_IDENTITY = "iPhone Developer";
				CODE_SIGN_STYLE = Manual;
				CURRENT_PROJECT_VERSION = 91;
				DEVELOPMENT_TEAM = YZYUGL7S48;
				FRAMEWORK_SEARCH_PATHS = (
					"$(inherited)",
					"$(PROJECT_DIR)/SampleApp",
				);
				INFOPLIST_FILE = "SampleApp/Debug-Info.plist";
				IPHONEOS_DEPLOYMENT_TARGET = 10.0;
				LD_RUNPATH_SEARCH_PATHS = (
					"$(inherited)",
					"@executable_path/Frameworks",
				);
				MARKETING_VERSION = 1.2.0;
				PRODUCT_BUNDLE_IDENTIFIER = com.pingIdentity.p14c.sample;
				PRODUCT_NAME = "$(TARGET_NAME)";
				PROVISIONING_PROFILE_SPECIFIER = "P14C Sample InHouse Development";
				SWIFT_VERSION = 5.0;
				TARGETED_DEVICE_FAMILY = "1,2";
				VERSIONING_SYSTEM = "apple-generic";
			};
			name = Debug;
		};
		7B9C1FB82357A0360069315F /* Release */ = {
			isa = XCBuildConfiguration;
			buildSettings = {
				ASSETCATALOG_COMPILER_APPICON_NAME = AppIcon;
				CODE_SIGN_ENTITLEMENTS = SampleApp/SampleApp.entitlements;
				CODE_SIGN_IDENTITY = "iPhone Distribution";
				CODE_SIGN_STYLE = Manual;
				CURRENT_PROJECT_VERSION = 91;
				DEVELOPMENT_TEAM = YZYUGL7S48;
				FRAMEWORK_SEARCH_PATHS = (
					"$(inherited)",
					"$(PROJECT_DIR)/SampleApp",
				);
				INFOPLIST_FILE = "SampleApp/Debug-Info.plist";
				IPHONEOS_DEPLOYMENT_TARGET = 10.0;
				LD_RUNPATH_SEARCH_PATHS = (
					"$(inherited)",
					"@executable_path/Frameworks",
				);
				MARKETING_VERSION = 1.2.0;
				PRODUCT_BUNDLE_IDENTIFIER = com.pingIdentity.p14c.sample;
				PRODUCT_NAME = "$(TARGET_NAME)";
				PROVISIONING_PROFILE_SPECIFIER = "P14C Sample InHouse Distribution";
				SWIFT_VERSION = 5.0;
				TARGETED_DEVICE_FAMILY = "1,2";
				VERSIONING_SYSTEM = "apple-generic";
			};
			name = Release;
		};
		7BA5247C229AA65300DD0E06 /* Debug */ = {
			isa = XCBuildConfiguration;
			buildSettings = {
				ALWAYS_SEARCH_USER_PATHS = NO;
				CLANG_ANALYZER_NONNULL = YES;
				CLANG_ANALYZER_NUMBER_OBJECT_CONVERSION = YES_AGGRESSIVE;
				CLANG_CXX_LANGUAGE_STANDARD = "gnu++14";
				CLANG_CXX_LIBRARY = "libc++";
				CLANG_ENABLE_MODULES = YES;
				CLANG_ENABLE_OBJC_ARC = YES;
				CLANG_ENABLE_OBJC_WEAK = YES;
				CLANG_WARN_BLOCK_CAPTURE_AUTORELEASING = YES;
				CLANG_WARN_BOOL_CONVERSION = YES;
				CLANG_WARN_COMMA = YES;
				CLANG_WARN_CONSTANT_CONVERSION = YES;
				CLANG_WARN_DEPRECATED_OBJC_IMPLEMENTATIONS = YES;
				CLANG_WARN_DIRECT_OBJC_ISA_USAGE = YES_ERROR;
				CLANG_WARN_DOCUMENTATION_COMMENTS = YES;
				CLANG_WARN_EMPTY_BODY = YES;
				CLANG_WARN_ENUM_CONVERSION = YES;
				CLANG_WARN_INFINITE_RECURSION = YES;
				CLANG_WARN_INT_CONVERSION = YES;
				CLANG_WARN_NON_LITERAL_NULL_CONVERSION = YES;
				CLANG_WARN_OBJC_IMPLICIT_RETAIN_SELF = YES;
				CLANG_WARN_OBJC_LITERAL_CONVERSION = YES;
				CLANG_WARN_OBJC_ROOT_CLASS = YES_ERROR;
				CLANG_WARN_RANGE_LOOP_ANALYSIS = YES;
				CLANG_WARN_STRICT_PROTOTYPES = YES;
				CLANG_WARN_SUSPICIOUS_MOVE = YES;
				CLANG_WARN_UNGUARDED_AVAILABILITY = YES_AGGRESSIVE;
				CLANG_WARN_UNREACHABLE_CODE = YES;
				CLANG_WARN__DUPLICATE_METHOD_MATCH = YES;
				CODE_SIGN_IDENTITY = "iPhone Developer";
				COPY_PHASE_STRIP = NO;
				CURRENT_PROJECT_VERSION = 91;
				DEBUG_INFORMATION_FORMAT = dwarf;
				ENABLE_STRICT_OBJC_MSGSEND = YES;
				ENABLE_TESTABILITY = YES;
				GCC_C_LANGUAGE_STANDARD = gnu11;
				GCC_DYNAMIC_NO_PIC = NO;
				GCC_NO_COMMON_BLOCKS = YES;
				GCC_OPTIMIZATION_LEVEL = 0;
				GCC_PREPROCESSOR_DEFINITIONS = (
					"DEBUG=1",
					"$(inherited)",
				);
				GCC_WARN_64_TO_32_BIT_CONVERSION = YES;
				GCC_WARN_ABOUT_RETURN_TYPE = YES_ERROR;
				GCC_WARN_UNDECLARED_SELECTOR = YES;
				GCC_WARN_UNINITIALIZED_AUTOS = YES_AGGRESSIVE;
				GCC_WARN_UNUSED_FUNCTION = YES;
				GCC_WARN_UNUSED_VARIABLE = YES;
				IPHONEOS_DEPLOYMENT_TARGET = 12.2;
				MTL_ENABLE_DEBUG_INFO = INCLUDE_SOURCE;
				MTL_FAST_MATH = YES;
				ONLY_ACTIVE_ARCH = YES;
				SDKROOT = iphoneos;
				SWIFT_ACTIVE_COMPILATION_CONDITIONS = DEBUG;
				SWIFT_OPTIMIZATION_LEVEL = "-Onone";
				VERSIONING_SYSTEM = "apple-generic";
			};
			name = Debug;
		};
		7BA5247D229AA65300DD0E06 /* Release */ = {
			isa = XCBuildConfiguration;
			buildSettings = {
				ALWAYS_SEARCH_USER_PATHS = NO;
				CLANG_ANALYZER_NONNULL = YES;
				CLANG_ANALYZER_NUMBER_OBJECT_CONVERSION = YES_AGGRESSIVE;
				CLANG_CXX_LANGUAGE_STANDARD = "gnu++14";
				CLANG_CXX_LIBRARY = "libc++";
				CLANG_ENABLE_MODULES = YES;
				CLANG_ENABLE_OBJC_ARC = YES;
				CLANG_ENABLE_OBJC_WEAK = YES;
				CLANG_WARN_BLOCK_CAPTURE_AUTORELEASING = YES;
				CLANG_WARN_BOOL_CONVERSION = YES;
				CLANG_WARN_COMMA = YES;
				CLANG_WARN_CONSTANT_CONVERSION = YES;
				CLANG_WARN_DEPRECATED_OBJC_IMPLEMENTATIONS = YES;
				CLANG_WARN_DIRECT_OBJC_ISA_USAGE = YES_ERROR;
				CLANG_WARN_DOCUMENTATION_COMMENTS = YES;
				CLANG_WARN_EMPTY_BODY = YES;
				CLANG_WARN_ENUM_CONVERSION = YES;
				CLANG_WARN_INFINITE_RECURSION = YES;
				CLANG_WARN_INT_CONVERSION = YES;
				CLANG_WARN_NON_LITERAL_NULL_CONVERSION = YES;
				CLANG_WARN_OBJC_IMPLICIT_RETAIN_SELF = YES;
				CLANG_WARN_OBJC_LITERAL_CONVERSION = YES;
				CLANG_WARN_OBJC_ROOT_CLASS = YES_ERROR;
				CLANG_WARN_RANGE_LOOP_ANALYSIS = YES;
				CLANG_WARN_STRICT_PROTOTYPES = YES;
				CLANG_WARN_SUSPICIOUS_MOVE = YES;
				CLANG_WARN_UNGUARDED_AVAILABILITY = YES_AGGRESSIVE;
				CLANG_WARN_UNREACHABLE_CODE = YES;
				CLANG_WARN__DUPLICATE_METHOD_MATCH = YES;
				CODE_SIGN_IDENTITY = "iPhone Developer";
				COPY_PHASE_STRIP = NO;
				CURRENT_PROJECT_VERSION = 91;
				DEBUG_INFORMATION_FORMAT = "dwarf-with-dsym";
				ENABLE_NS_ASSERTIONS = NO;
				ENABLE_STRICT_OBJC_MSGSEND = YES;
				GCC_C_LANGUAGE_STANDARD = gnu11;
				GCC_NO_COMMON_BLOCKS = YES;
				GCC_WARN_64_TO_32_BIT_CONVERSION = YES;
				GCC_WARN_ABOUT_RETURN_TYPE = YES_ERROR;
				GCC_WARN_UNDECLARED_SELECTOR = YES;
				GCC_WARN_UNINITIALIZED_AUTOS = YES_AGGRESSIVE;
				GCC_WARN_UNUSED_FUNCTION = YES;
				GCC_WARN_UNUSED_VARIABLE = YES;
				IPHONEOS_DEPLOYMENT_TARGET = 12.2;
				MTL_ENABLE_DEBUG_INFO = NO;
				MTL_FAST_MATH = YES;
				SDKROOT = iphoneos;
				SWIFT_COMPILATION_MODE = wholemodule;
				SWIFT_OPTIMIZATION_LEVEL = "-O";
				VALIDATE_PRODUCT = YES;
				VERSIONING_SYSTEM = "apple-generic";
			};
			name = Release;
		};
		7BA5247F229AA65300DD0E06 /* Debug */ = {
			isa = XCBuildConfiguration;
			buildSettings = {
				ASSETCATALOG_COMPILER_APPICON_NAME = AppIcon;
				CODE_SIGN_ENTITLEMENTS = SampleApp/SampleApp.entitlements;
				CODE_SIGN_STYLE = Manual;
				CURRENT_PROJECT_VERSION = 91;
				DEBUG_INFORMATION_FORMAT = "dwarf-with-dsym";
				DEVELOPMENT_TEAM = YZYUGL7S48;
				FRAMEWORK_SEARCH_PATHS = (
					"$(inherited)",
					"$(PROJECT_DIR)/SampleApp",
				);
				INFOPLIST_FILE = SampleApp/Info.plist;
				IPHONEOS_DEPLOYMENT_TARGET = 10.0;
				LD_RUNPATH_SEARCH_PATHS = (
					"$(inherited)",
					"@executable_path/Frameworks",
				);
				MARKETING_VERSION = 1.2.0;
				PRODUCT_BUNDLE_IDENTIFIER = com.pingIdentity.p14c.sample;
				PRODUCT_NAME = "$(TARGET_NAME)";
				PROVISIONING_PROFILE_SPECIFIER = "P14C Sample InHouse Development";
				SWIFT_VERSION = 5.0;
				TARGETED_DEVICE_FAMILY = "1,2";
				VERSIONING_SYSTEM = "apple-generic";
			};
			name = Debug;
		};
		7BA52480229AA65300DD0E06 /* Release */ = {
			isa = XCBuildConfiguration;
			buildSettings = {
				ASSETCATALOG_COMPILER_APPICON_NAME = AppIcon;
				CODE_SIGN_ENTITLEMENTS = SampleApp/SampleApp.entitlements;
				CODE_SIGN_IDENTITY = "iPhone Distribution";
				CODE_SIGN_STYLE = Manual;
				CURRENT_PROJECT_VERSION = 91;
				DEVELOPMENT_TEAM = YZYUGL7S48;
				FRAMEWORK_SEARCH_PATHS = (
					"$(inherited)",
					"$(PROJECT_DIR)/SampleApp",
				);
				INFOPLIST_FILE = SampleApp/Info.plist;
				IPHONEOS_DEPLOYMENT_TARGET = 10.0;
				LD_RUNPATH_SEARCH_PATHS = (
					"$(inherited)",
					"@executable_path/Frameworks",
				);
				MARKETING_VERSION = 1.2.0;
				PRODUCT_BUNDLE_IDENTIFIER = com.pingIdentity.p14c.sample;
				PRODUCT_NAME = "$(TARGET_NAME)";
				PROVISIONING_PROFILE_SPECIFIER = "P14C Sample InHouse Distribution";
				SWIFT_VERSION = 5.0;
				TARGETED_DEVICE_FAMILY = "1,2";
				VERSIONING_SYSTEM = "apple-generic";
			};
			name = Release;
		};
/* End XCBuildConfiguration section */

/* Begin XCConfigurationList section */
		7B9C1FB62357A0360069315F /* Build configuration list for PBXNativeTarget "SampleApp-Debug" */ = {
			isa = XCConfigurationList;
			buildConfigurations = (
				7B9C1FB72357A0360069315F /* Debug */,
				7B9C1FB82357A0360069315F /* Release */,
			);
			defaultConfigurationIsVisible = 0;
			defaultConfigurationName = Release;
		};
		7BA52467229AA65200DD0E06 /* Build configuration list for PBXProject "SampleApp" */ = {
			isa = XCConfigurationList;
			buildConfigurations = (
				7BA5247C229AA65300DD0E06 /* Debug */,
				7BA5247D229AA65300DD0E06 /* Release */,
			);
			defaultConfigurationIsVisible = 0;
			defaultConfigurationName = Release;
		};
		7BA5247E229AA65300DD0E06 /* Build configuration list for PBXNativeTarget "SampleApp" */ = {
			isa = XCConfigurationList;
			buildConfigurations = (
				7BA5247F229AA65300DD0E06 /* Debug */,
				7BA52480229AA65300DD0E06 /* Release */,
			);
			defaultConfigurationIsVisible = 0;
			defaultConfigurationName = Release;
		};
/* End XCConfigurationList section */
	};
	rootObject = 7BA52464229AA65200DD0E06 /* Project object */;
}
