{
  "object": {
    "pins": [
      {
        "package": "PingOneSDK",
        "repositoryURL": "git@gitlab.corp.pingidentity.com:github-clones/pingone-customers-mobile-sdk-ios.git",
        "state": {
          "branch": "1.8.1",
          "revision": "d70ff33363688db6e1f530a23c7cda6319d6b134",
          "version": null
        }
      }
    ]
  },
  "version": 1
}
